
Microsoft Visual Studio Solution File, Format Version 12.00
# Visual Studio Version 17
VisualStudioVersion = 17.11.35327.3
MinimumVisualStudioVersion = 10.0.40219.1
Project("{9A19103F-16F7-4668-BE54-9A1E7A4F7556}") = "Finnldy", "Finnldy.csproj", "{8E9569A7-26A8-4354-82C8-D65B2E4EB879}"
EndProject
Global
	GlobalSection(SolutionConfigurationPlatforms) = preSolution
		Debug|Any CPU = Debug|Any CPU
		Release|Any CPU = Release|Any CPU
	EndGlobalSection
	GlobalSection(ProjectConfigurationPlatforms) = postSolution
		{8E9569A7-26A8-4354-82C8-D65B2E4EB879}.Debug|Any CPU.ActiveCfg = Debug|Any CPU
		{8E9569A7-26A8-4354-82C8-D65B2E4EB879}.Debug|Any CPU.Build.0 = Debug|Any CPU
		{8E9569A7-26A8-4354-82C8-D65B2E4EB879}.Release|Any CPU.ActiveCfg = Release|Any CPU
		{8E9569A7-26A8-4354-82C8-D65B2E4EB879}.Release|Any CPU.Build.0 = Release|Any CPU
	EndGlobalSection
	GlobalSection(SolutionProperties) = preSolution
		HideSolutionNode = FALSE
	EndGlobalSection
	GlobalSection(ExtensibilityGlobals) = postSolution
		SolutionGuid = {BCAA6FC8-8035-47D6-8AFD-CDEA9EC8D033}
	EndGlobalSection
EndGlobal
